// !$*UTF8*$!
{
	archiveVersion = 1;
	classes = {
	};
	objectVersion = 46;
	objects = {

/* Begin PBXBuildFile section */
		AD4038021933E72300AE2E60 /* Foundation.framework in Frameworks */ = {isa = PBXBuildFile; fileRef = AD4038011933E72300AE2E60 /* Foundation.framework */; };
		AD4038041933E72300AE2E60 /* CoreGraphics.framework in Frameworks */ = {isa = PBXBuildFile; fileRef = AD4038031933E72300AE2E60 /* CoreGraphics.framework */; };
		AD4038061933E72300AE2E60 /* UIKit.framework in Frameworks */ = {isa = PBXBuildFile; fileRef = AD4038051933E72300AE2E60 /* UIKit.framework */; };
		AD40380C1933E72300AE2E60 /* InfoPlist.strings in Resources */ = {isa = PBXBuildFile; fileRef = AD40380A1933E72300AE2E60 /* InfoPlist.strings */; };
		AD40380E1933E72300AE2E60 /* main.m in Sources */ = {isa = PBXBuildFile; fileRef = AD40380D1933E72300AE2E60 /* main.m */; };
		AD4038121933E72300AE2E60 /* ExampleAppDelegate.m in Sources */ = {isa = PBXBuildFile; fileRef = AD4038111933E72300AE2E60 /* ExampleAppDelegate.m */; };
		AD4038151933E72300AE2E60 /* Main.storyboard in Resources */ = {isa = PBXBuildFile; fileRef = AD4038131933E72300AE2E60 /* Main.storyboard */; };
		AD4038181933E72300AE2E60 /* ExampleViewController.m in Sources */ = {isa = PBXBuildFile; fileRef = AD4038171933E72300AE2E60 /* ExampleViewController.m */; };
		AD40381A1933E72300AE2E60 /* Images.xcassets in Resources */ = {isa = PBXBuildFile; fileRef = AD4038191933E72300AE2E60 /* Images.xcassets */; };
		AD4038211933E72300AE2E60 /* XCTest.framework in Frameworks */ = {isa = PBXBuildFile; fileRef = AD4038201933E72300AE2E60 /* XCTest.framework */; };
		AD4038221933E72300AE2E60 /* Foundation.framework in Frameworks */ = {isa = PBXBuildFile; fileRef = AD4038011933E72300AE2E60 /* Foundation.framework */; };
		AD4038231933E72300AE2E60 /* UIKit.framework in Frameworks */ = {isa = PBXBuildFile; fileRef = AD4038051933E72300AE2E60 /* UIKit.framework */; };
		AD40382B1933E72300AE2E60 /* InfoPlist.strings in Resources */ = {isa = PBXBuildFile; fileRef = AD4038291933E72300AE2E60 /* InfoPlist.strings */; };
		AD40382D1933E72300AE2E60 /* TabControllerTests.m in Sources */ = {isa = PBXBuildFile; fileRef = AD40382C1933E72300AE2E60 /* TabControllerTests.m */; };
		AD40383D1933E99B00AE2E60 /* OtherVC.m in Sources */ = {isa = PBXBuildFile; fileRef = AD40383C1933E99B00AE2E60 /* OtherVC.m */; };
/* End PBXBuildFile section */

/* Begin PBXContainerItemProxy section */
		AD4038241933E72300AE2E60 /* PBXContainerItemProxy */ = {
			isa = PBXContainerItemProxy;
			containerPortal = AD4037F61933E72300AE2E60 /* Project object */;
			proxyType = 1;
			remoteGlobalIDString = AD4037FD1933E72300AE2E60;
			remoteInfo = TabController;
		};
/* End PBXContainerItemProxy section */

/* Begin PBXFileReference section */
		AD4037FE1933E72300AE2E60 /* TabController.app */ = {isa = PBXFileReference; explicitFileType = wrapper.application; includeInIndex = 0; path = TabController.app; sourceTree = BUILT_PRODUCTS_DIR; };
		AD4038011933E72300AE2E60 /* Foundation.framework */ = {isa = PBXFileReference; lastKnownFileType = wrapper.framework; name = Foundation.framework; path = System/Library/Frameworks/Foundation.framework; sourceTree = SDKROOT; };
		AD4038031933E72300AE2E60 /* CoreGraphics.framework */ = {isa = PBXFileReference; lastKnownFileType = wrapper.framework; name = CoreGraphics.framework; path = System/Library/Frameworks/CoreGraphics.framework; sourceTree = SDKROOT; };
		AD4038051933E72300AE2E60 /* UIKit.framework */ = {isa = PBXFileReference; lastKnownFileType = wrapper.framework; name = UIKit.framework; path = System/Library/Frameworks/UIKit.framework; sourceTree = SDKROOT; };
		AD4038091933E72300AE2E60 /* TabController-Info.plist */ = {isa = PBXFileReference; lastKnownFileType = text.plist.xml; path = "TabController-Info.plist"; sourceTree = "<group>"; };
		AD40380B1933E72300AE2E60 /* en */ = {isa = PBXFileReference; lastKnownFileType = text.plist.strings; name = en; path = en.lproj/InfoPlist.strings; sourceTree = "<group>"; };
		AD40380D1933E72300AE2E60 /* main.m */ = {isa = PBXFileReference; lastKnownFileType = sourcecode.c.objc; path = main.m; sourceTree = "<group>"; };
		AD40380F1933E72300AE2E60 /* TabController-Prefix.pch */ = {isa = PBXFileReference; lastKnownFileType = sourcecode.c.h; path = "TabController-Prefix.pch"; sourceTree = "<group>"; };
		AD4038101933E72300AE2E60 /* ExampleAppDelegate.h */ = {isa = PBXFileReference; lastKnownFileType = sourcecode.c.h; path = ExampleAppDelegate.h; sourceTree = "<group>"; };
		AD4038111933E72300AE2E60 /* ExampleAppDelegate.m */ = {isa = PBXFileReference; lastKnownFileType = sourcecode.c.objc; path = ExampleAppDelegate.m; sourceTree = "<group>"; };
		AD4038141933E72300AE2E60 /* Base */ = {isa = PBXFileReference; lastKnownFileType = file.storyboard; name = Base; path = Base.lproj/Main.storyboard; sourceTree = "<group>"; };
		AD4038161933E72300AE2E60 /* ExampleViewController.h */ = {isa = PBXFileReference; lastKnownFileType = sourcecode.c.h; path = ExampleViewController.h; sourceTree = "<group>"; };
		AD4038171933E72300AE2E60 /* ExampleViewController.m */ = {isa = PBXFileReference; lastKnownFileType = sourcecode.c.objc; path = ExampleViewController.m; sourceTree = "<group>"; };
		AD4038191933E72300AE2E60 /* Images.xcassets */ = {isa = PBXFileReference; lastKnownFileType = folder.assetcatalog; path = Images.xcassets; sourceTree = "<group>"; };
		AD40381F1933E72300AE2E60 /* TabControllerTests.xctest */ = {isa = PBXFileReference; explicitFileType = wrapper.cfbundle; includeInIndex = 0; path = TabControllerTests.xctest; sourceTree = BUILT_PRODUCTS_DIR; };
		AD4038201933E72300AE2E60 /* XCTest.framework */ = {isa = PBXFileReference; lastKnownFileType = wrapper.framework; name = XCTest.framework; path = Library/Frameworks/XCTest.framework; sourceTree = DEVELOPER_DIR; };
		AD4038281933E72300AE2E60 /* TabControllerTests-Info.plist */ = {isa = PBXFileReference; lastKnownFileType = text.plist.xml; path = "TabControllerTests-Info.plist"; sourceTree = "<group>"; };
		AD40382A1933E72300AE2E60 /* en */ = {isa = PBXFileReference; lastKnownFileType = text.plist.strings; name = en; path = en.lproj/InfoPlist.strings; sourceTree = "<group>"; };
		AD40382C1933E72300AE2E60 /* TabControllerTests.m */ = {isa = PBXFileReference; lastKnownFileType = sourcecode.c.objc; path = TabControllerTests.m; sourceTree = "<group>"; };
		AD40383B1933E99B00AE2E60 /* OtherVC.h */ = {isa = PBXFileReference; fileEncoding = 4; lastKnownFileType = sourcecode.c.h; path = OtherVC.h; sourceTree = "<group>"; };
		AD40383C1933E99B00AE2E60 /* OtherVC.m */ = {isa = PBXFileReference; fileEncoding = 4; lastKnownFileType = sourcecode.c.objc; path = OtherVC.m; sourceTree = "<group>"; };
/* End PBXFileReference section */

/* Begin PBXFrameworksBuildPhase section */
		AD4037FB1933E72300AE2E60 /* Frameworks */ = {
			isa = PBXFrameworksBuildPhase;
			buildActionMask = 2147483647;
			files = (
				AD4038041933E72300AE2E60 /* CoreGraphics.framework in Frameworks */,
				AD4038061933E72300AE2E60 /* UIKit.framework in Frameworks */,
				AD4038021933E72300AE2E60 /* Foundation.framework in Frameworks */,
			);
			runOnlyForDeploymentPostprocessing = 0;
		};
		AD40381C1933E72300AE2E60 /* Frameworks */ = {
			isa = PBXFrameworksBuildPhase;
			buildActionMask = 2147483647;
			files = (
				AD4038211933E72300AE2E60 /* XCTest.framework in Frameworks */,
				AD4038231933E72300AE2E60 /* UIKit.framework in Frameworks */,
				AD4038221933E72300AE2E60 /* Foundation.framework in Frameworks */,
			);
			runOnlyForDeploymentPostprocessing = 0;
		};
/* End PBXFrameworksBuildPhase section */

/* Begin PBXGroup section */
		AD4037F51933E72300AE2E60 = {
			isa = PBXGroup;
			children = (
				AD4038371933E96600AE2E60 /* Model */,
				AD4038071933E72300AE2E60 /* TabController */,
				AD4038261933E72300AE2E60 /* TabControllerTests */,
				AD4038001933E72300AE2E60 /* Frameworks */,
				AD4037FF1933E72300AE2E60 /* Products */,
			);
			sourceTree = "<group>";
		};
		AD4037FF1933E72300AE2E60 /* Products */ = {
			isa = PBXGroup;
			children = (
				AD4037FE1933E72300AE2E60 /* TabController.app */,
				AD40381F1933E72300AE2E60 /* TabControllerTests.xctest */,
			);
			name = Products;
			sourceTree = "<group>";
		};
		AD4038001933E72300AE2E60 /* Frameworks */ = {
			isa = PBXGroup;
			children = (
				AD4038011933E72300AE2E60 /* Foundation.framework */,
				AD4038031933E72300AE2E60 /* CoreGraphics.framework */,
				AD4038051933E72300AE2E60 /* UIKit.framework */,
				AD4038201933E72300AE2E60 /* XCTest.framework */,
			);
			name = Frameworks;
			sourceTree = "<group>";
		};
		AD4038071933E72300AE2E60 /* TabController */ = {
			isa = PBXGroup;
			children = (
				AD4038101933E72300AE2E60 /* ExampleAppDelegate.h */,
				AD4038111933E72300AE2E60 /* ExampleAppDelegate.m */,
				AD4038131933E72300AE2E60 /* Main.storyboard */,
				AD4038161933E72300AE2E60 /* ExampleViewController.h */,
				AD4038171933E72300AE2E60 /* ExampleViewController.m */,
				AD4038191933E72300AE2E60 /* Images.xcassets */,
				AD4038081933E72300AE2E60 /* Supporting Files */,
			);
			path = TabController;
			sourceTree = "<group>";
		};
		AD4038081933E72300AE2E60 /* Supporting Files */ = {
			isa = PBXGroup;
			children = (
				AD4038091933E72300AE2E60 /* TabController-Info.plist */,
				AD40380A1933E72300AE2E60 /* InfoPlist.strings */,
				AD40380D1933E72300AE2E60 /* main.m */,
				AD40380F1933E72300AE2E60 /* TabController-Prefix.pch */,
			);
			name = "Supporting Files";
			sourceTree = "<group>";
		};
		AD4038261933E72300AE2E60 /* TabControllerTests */ = {
			isa = PBXGroup;
			children = (
				AD40382C1933E72300AE2E60 /* TabControllerTests.m */,
				AD4038271933E72300AE2E60 /* Supporting Files */,
			);
			path = TabControllerTests;
			sourceTree = "<group>";
		};
		AD4038271933E72300AE2E60 /* Supporting Files */ = {
			isa = PBXGroup;
			children = (
				AD4038281933E72300AE2E60 /* TabControllerTests-Info.plist */,
				AD4038291933E72300AE2E60 /* InfoPlist.strings */,
			);
			name = "Supporting Files";
			sourceTree = "<group>";
		};
		AD4038371933E96600AE2E60 /* Model */ = {
			isa = PBXGroup;
			children = (
				AD40383B1933E99B00AE2E60 /* OtherVC.h */,
				AD40383C1933E99B00AE2E60 /* OtherVC.m */,
			);
			name = Model;
			sourceTree = "<group>";
		};
/* End PBXGroup section */

/* Begin PBXNativeTarget section */
		AD4037FD1933E72300AE2E60 /* TabController */ = {
			isa = PBXNativeTarget;
			buildConfigurationList = AD4038301933E72300AE2E60 /* Build configuration list for PBXNativeTarget "TabController" */;
			buildPhases = (
				AD4037FA1933E72300AE2E60 /* Sources */,
				AD4037FB1933E72300AE2E60 /* Frameworks */,
				AD4037FC1933E72300AE2E60 /* Resources */,
			);
			buildRules = (
			);
			dependencies = (
			);
			name = TabController;
			productName = TabController;
			productReference = AD4037FE1933E72300AE2E60 /* TabController.app */;
			productType = "com.apple.product-type.application";
		};
		AD40381E1933E72300AE2E60 /* TabControllerTests */ = {
			isa = PBXNativeTarget;
			buildConfigurationList = AD4038331933E72300AE2E60 /* Build configuration list for PBXNativeTarget "TabControllerTests" */;
			buildPhases = (
				AD40381B1933E72300AE2E60 /* Sources */,
				AD40381C1933E72300AE2E60 /* Frameworks */,
				AD40381D1933E72300AE2E60 /* Resources */,
			);
			buildRules = (
			);
			dependencies = (
				AD4038251933E72300AE2E60 /* PBXTargetDependency */,
			);
			name = TabControllerTests;
			productName = TabControllerTests;
			productReference = AD40381F1933E72300AE2E60 /* TabControllerTests.xctest */;
			productType = "com.apple.product-type.bundle.unit-test";
		};
/* End PBXNativeTarget section */

/* Begin PBXProject section */
		AD4037F61933E72300AE2E60 /* Project object */ = {
			isa = PBXProject;
			attributes = {
				CLASSPREFIX = Example;
				LastUpgradeCheck = 0510;
				ORGANIZATIONNAME = "Mighty-Ideas";
				TargetAttributes = {
					AD40381E1933E72300AE2E60 = {
						TestTargetID = AD4037FD1933E72300AE2E60;
					};
				};
			};
			buildConfigurationList = AD4037F91933E72300AE2E60 /* Build configuration list for PBXProject "TabController" */;
			compatibilityVersion = "Xcode 3.2";
			developmentRegion = English;
			hasScannedForEncodings = 0;
			knownRegions = (
				en,
				Base,
			);
			mainGroup = AD4037F51933E72300AE2E60;
			productRefGroup = AD4037FF1933E72300AE2E60 /* Products */;
			projectDirPath = "";
			projectRoot = "";
			targets = (
				AD4037FD1933E72300AE2E60 /* TabController */,
				AD40381E1933E72300AE2E60 /* TabControllerTests */,
			);
		};
/* End PBXProject section */

/* Begin PBXResourcesBuildPhase section */
		AD4037FC1933E72300AE2E60 /* Resources */ = {
			isa = PBXResourcesBuildPhase;
			buildActionMask = 2147483647;
			files = (
				AD40381A1933E72300AE2E60 /* Images.xcassets in Resources */,
				AD40380C1933E72300AE2E60 /* InfoPlist.strings in Resources */,
				AD4038151933E72300AE2E60 /* Main.storyboard in Resources */,
			);
			runOnlyForDeploymentPostprocessing = 0;
		};
		AD40381D1933E72300AE2E60 /* Resources */ = {
			isa = PBXResourcesBuildPhase;
			buildActionMask = 2147483647;
			files = (
				AD40382B1933E72300AE2E60 /* InfoPlist.strings in Resources */,
			);
			runOnlyForDeploymentPostprocessing = 0;
		};
/* End PBXResourcesBuildPhase section */

/* Begin PBXSourcesBuildPhase section */
		AD4037FA1933E72300AE2E60 /* Sources */ = {
			isa = PBXSourcesBuildPhase;
			buildActionMask = 2147483647;
			files = (
				AD4038181933E72300AE2E60 /* ExampleViewController.m in Sources */,
				AD40380E1933E72300AE2E60 /* main.m in Sources */,
				AD4038121933E72300AE2E60 /* ExampleAppDelegate.m in Sources */,
				AD40383D1933E99B00AE2E60 /* OtherVC.m in Sources */,
			);
			runOnlyForDeploymentPostprocessing = 0;
		};
		AD40381B1933E72300AE2E60 /* Sources */ = {
			isa = PBXSourcesBuildPhase;
			buildActionMask = 2147483647;
			files = (
				AD40382D1933E72300AE2E60 /* TabControllerTests.m in Sources */,
			);
			runOnlyForDeploymentPostprocessing = 0;
		};
/* End PBXSourcesBuildPhase section */

/* Begin PBXTargetDependency section */
		AD4038251933E72300AE2E60 /* PBXTargetDependency */ = {
			isa = PBXTargetDependency;
			target = AD4037FD1933E72300AE2E60 /* TabController */;
			targetProxy = AD4038241933E72300AE2E60 /* PBXContainerItemProxy */;
		};
/* End PBXTargetDependency section */

/* Begin PBXVariantGroup section */
		AD40380A1933E72300AE2E60 /* InfoPlist.strings */ = {
			isa = PBXVariantGroup;
			children = (
				AD40380B1933E72300AE2E60 /* en */,
			);
			name = InfoPlist.strings;
			sourceTree = "<group>";
		};
		AD4038131933E72300AE2E60 /* Main.storyboard */ = {
			isa = PBXVariantGroup;
			children = (
				AD4038141933E72300AE2E60 /* Base */,
			);
			name = Main.storyboard;
			sourceTree = "<group>";
		};
		AD4038291933E72300AE2E60 /* InfoPlist.strings */ = {
			isa = PBXVariantGroup;
			children = (
				AD40382A1933E72300AE2E60 /* en */,
			);
			name = InfoPlist.strings;
			sourceTree = "<group>";
		};
/* End PBXVariantGroup section */

/* Begin XCBuildConfiguration section */
		AD40382E1933E72300AE2E60 /* Debug */ = {
			isa = XCBuildConfiguration;
			buildSettings = {
				ALWAYS_SEARCH_USER_PATHS = NO;
				CLANG_CXX_LANGUAGE_STANDARD = "gnu++0x";
				CLANG_CXX_LIBRARY = "libc++";
				CLANG_ENABLE_MODULES = YES;
				CLANG_ENABLE_OBJC_ARC = YES;
				CLANG_WARN_BOOL_CONVERSION = YES;
				CLANG_WARN_CONSTANT_CONVERSION = YES;
				CLANG_WARN_DIRECT_OBJC_ISA_USAGE = YES_ERROR;
				CLANG_WARN_EMPTY_BODY = YES;
				CLANG_WARN_ENUM_CONVERSION = YES;
				CLANG_WARN_INT_CONVERSION = YES;
				CLANG_WARN_OBJC_ROOT_CLASS = YES_ERROR;
				CLANG_WARN__DUPLICATE_METHOD_MATCH = YES;
				"CODE_SIGN_IDENTITY[sdk=iphoneos*]" = "iPhone Developer";
				COPY_PHASE_STRIP = NO;
				GCC_C_LANGUAGE_STANDARD = gnu99;
				GCC_DYNAMIC_NO_PIC = NO;
				GCC_OPTIMIZATION_LEVEL = 0;
				GCC_PREPROCESSOR_DEFINITIONS = (
					"DEBUG=1",
					"$(inherited)",
				);
				GCC_SYMBOLS_PRIVATE_EXTERN = NO;
				GCC_WARN_64_TO_32_BIT_CONVERSION = YES;
				GCC_WARN_ABOUT_RETURN_TYPE = YES_ERROR;
				GCC_WARN_UNDECLARED_SELECTOR = YES;
				GCC_WARN_UNINITIALIZED_AUTOS = YES_AGGRESSIVE;
				GCC_WARN_UNUSED_FUNCTION = YES;
				GCC_WARN_UNUSED_VARIABLE = YES;
				IPHONEOS_DEPLOYMENT_TARGET = 7.1;
				ONLY_ACTIVE_ARCH = YES;
				SDKROOT = iphoneos;
			};
			name = Debug;
		};
		AD40382F1933E72300AE2E60 /* Release */ = {
			isa = XCBuildConfiguration;
			buildSettings = {
				ALWAYS_SEARCH_USER_PATHS = NO;
				CLANG_CXX_LANGUAGE_STANDARD = "gnu++0x";
				CLANG_CXX_LIBRARY = "libc++";
				CLANG_ENABLE_MODULES = YES;
				CLANG_ENABLE_OBJC_ARC = YES;
				CLANG_WARN_BOOL_CONVERSION = YES;
				CLANG_WARN_CONSTANT_CONVERSION = YES;
				CLANG_WARN_DIRECT_OBJC_ISA_USAGE = YES_ERROR;
				CLANG_WARN_EMPTY_BODY = YES;
				CLANG_WARN_ENUM_CONVERSION = YES;
				CLANG_WARN_INT_CONVERSION = YES;
				CLANG_WARN_OBJC_ROOT_CLASS = YES_ERROR;
				CLANG_WARN__DUPLICATE_METHOD_MATCH = YES;
				"CODE_SIGN_IDENTITY[sdk=iphoneos*]" = "iPhone Developer";
				COPY_PHASE_STRIP = YES;
				ENABLE_NS_ASSERTIONS = NO;
				GCC_C_LANGUAGE_STANDARD = gnu99;
				GCC_WARN_64_TO_32_BIT_CONVERSION = YES;
				GCC_WARN_ABOUT_RETURN_TYPE = YES_ERROR;
				GCC_WARN_UNDECLARED_SELECTOR = YES;
				GCC_WARN_UNINITIALIZED_AUTOS = YES_AGGRESSIVE;
				GCC_WARN_UNUSED_FUNCTION = YES;
				GCC_WARN_UNUSED_VARIABLE = YES;
				IPHONEOS_DEPLOYMENT_TARGET = 7.1;
				SDKROOT = iphoneos;
				VALIDATE_PRODUCT = YES;
			};
			name = Release;
		};
		AD4038311933E72300AE2E60 /* Debug */ = {
			isa = XCBuildConfiguration;
			buildSettings = {
				ASSETCATALOG_COMPILER_APPICON_NAME = AppIcon;
				ASSETCATALOG_COMPILER_LAUNCHIMAGE_NAME = LaunchImage;
				GCC_PRECOMPILE_PREFIX_HEADER = YES;
				GCC_PREFIX_HEADER = "TabController/TabController-Prefix.pch";
				INFOPLIST_FILE = "TabController/TabController-Info.plist";
				PRODUCT_NAME = "$(TARGET_NAME)";
				WRAPPER_EXTENSION = app;
			};
			name = Debug;
		};
		AD4038321933E72300AE2E60 /* Release */ = {
			isa = XCBuildConfiguration;
			buildSettings = {
				ASSETCATALOG_COMPILER_APPICON_NAME = AppIcon;
				ASSETCATALOG_COMPILER_LAUNCHIMAGE_NAME = LaunchImage;
				GCC_PRECOMPILE_PREFIX_HEADER = YES;
				GCC_PREFIX_HEADER = "TabController/TabController-Prefix.pch";
				INFOPLIST_FILE = "TabController/TabController-Info.plist";
				PRODUCT_NAME = "$(TARGET_NAME)";
				WRAPPER_EXTENSION = app;
			};
			name = Release;
		};
		AD4038341933E72300AE2E60 /* Debug */ = {
			isa = XCBuildConfiguration;
			buildSettings = {
				BUNDLE_LOADER = "$(BUILT_PRODUCTS_DIR)/TabController.app/TabController";
				FRAMEWORK_SEARCH_PATHS = (
					"$(SDKROOT)/Developer/Library/Frameworks",
					"$(inherited)",
					"$(DEVELOPER_FRAMEWORKS_DIR)",
				);
				GCC_PRECOMPILE_PREFIX_HEADER = YES;
				GCC_PREFIX_HEADER = "TabController/TabController-Prefix.pch";
				GCC_PREPROCESSOR_DEFINITIONS = (
					"DEBUG=1",
					"$(inherited)",
				);
				INFOPLIST_FILE = "TabControllerTests/TabControllerTests-Info.plist";
				PRODUCT_NAME = "$(TARGET_NAME)";
				TEST_HOST = "$(BUNDLE_LOADER)";
				WRAPPER_EXTENSION = xctest;
			};
			name = Debug;
		};
		AD4038351933E72300AE2E60 /* Release */ = {
			isa = XCBuildConfiguration;
			buildSettings = {
				BUNDLE_LOADER = "$(BUILT_PRODUCTS_DIR)/TabController.app/TabController";
				FRAMEWORK_SEARCH_PATHS = (
					"$(SDKROOT)/Developer/Library/Frameworks",
					"$(inherited)",
					"$(DEVELOPER_FRAMEWORKS_DIR)",
				);
				GCC_PRECOMPILE_PREFIX_HEADER = YES;
				GCC_PREFIX_HEADER = "TabController/TabController-Prefix.pch";
				INFOPLIST_FILE = "TabControllerTests/TabControllerTests-Info.plist";
				PRODUCT_NAME = "$(TARGET_NAME)";
				TEST_HOST = "$(BUNDLE_LOADER)";
				WRAPPER_EXTENSION = xctest;
			};
			name = Release;
		};
/* End XCBuildConfiguration section */

/* Begin XCConfigurationList section */
		AD4037F91933E72300AE2E60 /* Build configuration list for PBXProject "TabController" */ = {
			isa = XCConfigurationList;
			buildConfigurations = (
				AD40382E1933E72300AE2E60 /* Debug */,
				AD40382F1933E72300AE2E60 /* Release */,
			);
			defaultConfigurationIsVisible = 0;
			defaultConfigurationName = Release;
		};
		AD4038301933E72300AE2E60 /* Build configuration list for PBXNativeTarget "TabController" */ = {
			isa = XCConfigurationList;
			buildConfigurations = (
				AD4038311933E72300AE2E60 /* Debug */,
				AD4038321933E72300AE2E60 /* Release */,
			);
			defaultConfigurationIsVisible = 0;
		};
		AD4038331933E72300AE2E60 /* Build configuration list for PBXNativeTarget "TabControllerTests" */ = {
			isa = XCConfigurationList;
			buildConfigurations = (
				AD4038341933E72300AE2E60 /* Debug */,
				AD4038351933E72300AE2E60 /* Release */,
			);
			defaultConfigurationIsVisible = 0;
		};
/* End XCConfigurationList section */
	};
	rootObject = AD4037F61933E72300AE2E60 /* Project object */;
}
