// !$*UTF8*$!
{
	archiveVersion = 1;
	classes = {
	};
	objectVersion = 46;
	objects = {

/* Begin PBXBuildFile section */
		AD576C4B193715A500609491 /* Foundation.framework in Frameworks */ = {isa = PBXBuildFile; fileRef = AD576C4A193715A500609491 /* Foundation.framework */; };
		AD576C4D193715A500609491 /* CoreGraphics.framework in Frameworks */ = {isa = PBXBuildFile; fileRef = AD576C4C193715A500609491 /* CoreGraphics.framework */; };
		AD576C4F193715A500609491 /* UIKit.framework in Frameworks */ = {isa = PBXBuildFile; fileRef = AD576C4E193715A500609491 /* UIKit.framework */; };
		AD576C55193715A500609491 /* InfoPlist.strings in Resources */ = {isa = PBXBuildFile; fileRef = AD576C53193715A500609491 /* InfoPlist.strings */; };
		AD576C57193715A500609491 /* main.m in Sources */ = {isa = PBXBuildFile; fileRef = AD576C56193715A500609491 /* main.m */; };
		AD576C5B193715A500609491 /* ExampleAppDelegate.m in Sources */ = {isa = PBXBuildFile; fileRef = AD576C5A193715A500609491 /* ExampleAppDelegate.m */; };
		AD576C5E193715A500609491 /* Main.storyboard in Resources */ = {isa = PBXBuildFile; fileRef = AD576C5C193715A500609491 /* Main.storyboard */; };
		AD576C61193715A500609491 /* ExampleViewController.m in Sources */ = {isa = PBXBuildFile; fileRef = AD576C60193715A500609491 /* ExampleViewController.m */; };
		AD576C63193715A500609491 /* Images.xcassets in Resources */ = {isa = PBXBuildFile; fileRef = AD576C62193715A500609491 /* Images.xcassets */; };
		AD576C6A193715A500609491 /* XCTest.framework in Frameworks */ = {isa = PBXBuildFile; fileRef = AD576C69193715A500609491 /* XCTest.framework */; };
		AD576C6B193715A500609491 /* Foundation.framework in Frameworks */ = {isa = PBXBuildFile; fileRef = AD576C4A193715A500609491 /* Foundation.framework */; };
		AD576C6C193715A500609491 /* UIKit.framework in Frameworks */ = {isa = PBXBuildFile; fileRef = AD576C4E193715A500609491 /* UIKit.framework */; };
		AD576C74193715A500609491 /* InfoPlist.strings in Resources */ = {isa = PBXBuildFile; fileRef = AD576C72193715A500609491 /* InfoPlist.strings */; };
		AD576C76193715A500609491 /* PinchExampleTests.m in Sources */ = {isa = PBXBuildFile; fileRef = AD576C75193715A500609491 /* PinchExampleTests.m */; };
		AD576C811937210900609491 /* MyView.m in Sources */ = {isa = PBXBuildFile; fileRef = AD576C801937210900609491 /* MyView.m */; };
/* End PBXBuildFile section */

/* Begin PBXContainerItemProxy section */
		AD576C6D193715A500609491 /* PBXContainerItemProxy */ = {
			isa = PBXContainerItemProxy;
			containerPortal = AD576C3F193715A500609491 /* Project object */;
			proxyType = 1;
			remoteGlobalIDString = AD576C46193715A500609491;
			remoteInfo = PinchExample;
		};
/* End PBXContainerItemProxy section */

/* Begin PBXFileReference section */
		AD576C47193715A500609491 /* PinchExample.app */ = {isa = PBXFileReference; explicitFileType = wrapper.application; includeInIndex = 0; path = PinchExample.app; sourceTree = BUILT_PRODUCTS_DIR; };
		AD576C4A193715A500609491 /* Foundation.framework */ = {isa = PBXFileReference; lastKnownFileType = wrapper.framework; name = Foundation.framework; path = System/Library/Frameworks/Foundation.framework; sourceTree = SDKROOT; };
		AD576C4C193715A500609491 /* CoreGraphics.framework */ = {isa = PBXFileReference; lastKnownFileType = wrapper.framework; name = CoreGraphics.framework; path = System/Library/Frameworks/CoreGraphics.framework; sourceTree = SDKROOT; };
		AD576C4E193715A500609491 /* UIKit.framework */ = {isa = PBXFileReference; lastKnownFileType = wrapper.framework; name = UIKit.framework; path = System/Library/Frameworks/UIKit.framework; sourceTree = SDKROOT; };
		AD576C52193715A500609491 /* PinchExample-Info.plist */ = {isa = PBXFileReference; lastKnownFileType = text.plist.xml; path = "PinchExample-Info.plist"; sourceTree = "<group>"; };
		AD576C54193715A500609491 /* en */ = {isa = PBXFileReference; lastKnownFileType = text.plist.strings; name = en; path = en.lproj/InfoPlist.strings; sourceTree = "<group>"; };
		AD576C56193715A500609491 /* main.m */ = {isa = PBXFileReference; lastKnownFileType = sourcecode.c.objc; path = main.m; sourceTree = "<group>"; };
		AD576C58193715A500609491 /* PinchExample-Prefix.pch */ = {isa = PBXFileReference; lastKnownFileType = sourcecode.c.h; path = "PinchExample-Prefix.pch"; sourceTree = "<group>"; };
		AD576C59193715A500609491 /* ExampleAppDelegate.h */ = {isa = PBXFileReference; lastKnownFileType = sourcecode.c.h; path = ExampleAppDelegate.h; sourceTree = "<group>"; };
		AD576C5A193715A500609491 /* ExampleAppDelegate.m */ = {isa = PBXFileReference; lastKnownFileType = sourcecode.c.objc; path = ExampleAppDelegate.m; sourceTree = "<group>"; };
		AD576C5D193715A500609491 /* Base */ = {isa = PBXFileReference; lastKnownFileType = file.storyboard; name = Base; path = Base.lproj/Main.storyboard; sourceTree = "<group>"; };
		AD576C5F193715A500609491 /* ExampleViewController.h */ = {isa = PBXFileReference; lastKnownFileType = sourcecode.c.h; path = ExampleViewController.h; sourceTree = "<group>"; };
		AD576C60193715A500609491 /* ExampleViewController.m */ = {isa = PBXFileReference; lastKnownFileType = sourcecode.c.objc; path = ExampleViewController.m; sourceTree = "<group>"; };
		AD576C62193715A500609491 /* Images.xcassets */ = {isa = PBXFileReference; lastKnownFileType = folder.assetcatalog; path = Images.xcassets; sourceTree = "<group>"; };
		AD576C68193715A500609491 /* PinchExampleTests.xctest */ = {isa = PBXFileReference; explicitFileType = wrapper.cfbundle; includeInIndex = 0; path = PinchExampleTests.xctest; sourceTree = BUILT_PRODUCTS_DIR; };
		AD576C69193715A500609491 /* XCTest.framework */ = {isa = PBXFileReference; lastKnownFileType = wrapper.framework; name = XCTest.framework; path = Library/Frameworks/XCTest.framework; sourceTree = DEVELOPER_DIR; };
		AD576C71193715A500609491 /* PinchExampleTests-Info.plist */ = {isa = PBXFileReference; lastKnownFileType = text.plist.xml; path = "PinchExampleTests-Info.plist"; sourceTree = "<group>"; };
		AD576C73193715A500609491 /* en */ = {isa = PBXFileReference; lastKnownFileType = text.plist.strings; name = en; path = en.lproj/InfoPlist.strings; sourceTree = "<group>"; };
		AD576C75193715A500609491 /* PinchExampleTests.m */ = {isa = PBXFileReference; lastKnownFileType = sourcecode.c.objc; path = PinchExampleTests.m; sourceTree = "<group>"; };
		AD576C7F1937210900609491 /* MyView.h */ = {isa = PBXFileReference; fileEncoding = 4; lastKnownFileType = sourcecode.c.h; path = MyView.h; sourceTree = "<group>"; };
		AD576C801937210900609491 /* MyView.m */ = {isa = PBXFileReference; fileEncoding = 4; lastKnownFileType = sourcecode.c.objc; path = MyView.m; sourceTree = "<group>"; };
/* End PBXFileReference section */

/* Begin PBXFrameworksBuildPhase section */
		AD576C44193715A500609491 /* Frameworks */ = {
			isa = PBXFrameworksBuildPhase;
			buildActionMask = 2147483647;
			files = (
				AD576C4D193715A500609491 /* CoreGraphics.framework in Frameworks */,
				AD576C4F193715A500609491 /* UIKit.framework in Frameworks */,
				AD576C4B193715A500609491 /* Foundation.framework in Frameworks */,
			);
			runOnlyForDeploymentPostprocessing = 0;
		};
		AD576C65193715A500609491 /* Frameworks */ = {
			isa = PBXFrameworksBuildPhase;
			buildActionMask = 2147483647;
			files = (
				AD576C6A193715A500609491 /* XCTest.framework in Frameworks */,
				AD576C6C193715A500609491 /* UIKit.framework in Frameworks */,
				AD576C6B193715A500609491 /* Foundation.framework in Frameworks */,
			);
			runOnlyForDeploymentPostprocessing = 0;
		};
/* End PBXFrameworksBuildPhase section */

/* Begin PBXGroup section */
		AD576C3E193715A500609491 = {
			isa = PBXGroup;
			children = (
				AD576C7F1937210900609491 /* MyView.h */,
				AD576C801937210900609491 /* MyView.m */,
				AD576C50193715A500609491 /* PinchExample */,
				AD576C6F193715A500609491 /* PinchExampleTests */,
				AD576C49193715A500609491 /* Frameworks */,
				AD576C48193715A500609491 /* Products */,
			);
			sourceTree = "<group>";
		};
		AD576C48193715A500609491 /* Products */ = {
			isa = PBXGroup;
			children = (
				AD576C47193715A500609491 /* PinchExample.app */,
				AD576C68193715A500609491 /* PinchExampleTests.xctest */,
			);
			name = Products;
			sourceTree = "<group>";
		};
		AD576C49193715A500609491 /* Frameworks */ = {
			isa = PBXGroup;
			children = (
				AD576C4A193715A500609491 /* Foundation.framework */,
				AD576C4C193715A500609491 /* CoreGraphics.framework */,
				AD576C4E193715A500609491 /* UIKit.framework */,
				AD576C69193715A500609491 /* XCTest.framework */,
			);
			name = Frameworks;
			sourceTree = "<group>";
		};
		AD576C50193715A500609491 /* PinchExample */ = {
			isa = PBXGroup;
			children = (
				AD576C59193715A500609491 /* ExampleAppDelegate.h */,
				AD576C5A193715A500609491 /* ExampleAppDelegate.m */,
				AD576C5C193715A500609491 /* Main.storyboard */,
				AD576C5F193715A500609491 /* ExampleViewController.h */,
				AD576C60193715A500609491 /* ExampleViewController.m */,
				AD576C62193715A500609491 /* Images.xcassets */,
				AD576C51193715A500609491 /* Supporting Files */,
			);
			path = PinchExample;
			sourceTree = "<group>";
		};
		AD576C51193715A500609491 /* Supporting Files */ = {
			isa = PBXGroup;
			children = (
				AD576C52193715A500609491 /* PinchExample-Info.plist */,
				AD576C53193715A500609491 /* InfoPlist.strings */,
				AD576C56193715A500609491 /* main.m */,
				AD576C58193715A500609491 /* PinchExample-Prefix.pch */,
			);
			name = "Supporting Files";
			sourceTree = "<group>";
		};
		AD576C6F193715A500609491 /* PinchExampleTests */ = {
			isa = PBXGroup;
			children = (
				AD576C75193715A500609491 /* PinchExampleTests.m */,
				AD576C70193715A500609491 /* Supporting Files */,
			);
			path = PinchExampleTests;
			sourceTree = "<group>";
		};
		AD576C70193715A500609491 /* Supporting Files */ = {
			isa = PBXGroup;
			children = (
				AD576C71193715A500609491 /* PinchExampleTests-Info.plist */,
				AD576C72193715A500609491 /* InfoPlist.strings */,
			);
			name = "Supporting Files";
			sourceTree = "<group>";
		};
/* End PBXGroup section */

/* Begin PBXNativeTarget section */
		AD576C46193715A500609491 /* PinchExample */ = {
			isa = PBXNativeTarget;
			buildConfigurationList = AD576C79193715A500609491 /* Build configuration list for PBXNativeTarget "PinchExample" */;
			buildPhases = (
				AD576C43193715A500609491 /* Sources */,
				AD576C44193715A500609491 /* Frameworks */,
				AD576C45193715A500609491 /* Resources */,
			);
			buildRules = (
			);
			dependencies = (
			);
			name = PinchExample;
			productName = PinchExample;
			productReference = AD576C47193715A500609491 /* PinchExample.app */;
			productType = "com.apple.product-type.application";
		};
		AD576C67193715A500609491 /* PinchExampleTests */ = {
			isa = PBXNativeTarget;
			buildConfigurationList = AD576C7C193715A500609491 /* Build configuration list for PBXNativeTarget "PinchExampleTests" */;
			buildPhases = (
				AD576C64193715A500609491 /* Sources */,
				AD576C65193715A500609491 /* Frameworks */,
				AD576C66193715A500609491 /* Resources */,
			);
			buildRules = (
			);
			dependencies = (
				AD576C6E193715A500609491 /* PBXTargetDependency */,
			);
			name = PinchExampleTests;
			productName = PinchExampleTests;
			productReference = AD576C68193715A500609491 /* PinchExampleTests.xctest */;
			productType = "com.apple.product-type.bundle.unit-test";
		};
/* End PBXNativeTarget section */

/* Begin PBXProject section */
		AD576C3F193715A500609491 /* Project object */ = {
			isa = PBXProject;
			attributes = {
				CLASSPREFIX = Example;
				LastUpgradeCheck = 0510;
				ORGANIZATIONNAME = "Mighty-Ideas";
				TargetAttributes = {
					AD576C67193715A500609491 = {
						TestTargetID = AD576C46193715A500609491;
					};
				};
			};
			buildConfigurationList = AD576C42193715A500609491 /* Build configuration list for PBXProject "PinchExample" */;
			compatibilityVersion = "Xcode 3.2";
			developmentRegion = English;
			hasScannedForEncodings = 0;
			knownRegions = (
				en,
				Base,
			);
			mainGroup = AD576C3E193715A500609491;
			productRefGroup = AD576C48193715A500609491 /* Products */;
			projectDirPath = "";
			projectRoot = "";
			targets = (
				AD576C46193715A500609491 /* PinchExample */,
				AD576C67193715A500609491 /* PinchExampleTests */,
			);
		};
/* End PBXProject section */

/* Begin PBXResourcesBuildPhase section */
		AD576C45193715A500609491 /* Resources */ = {
			isa = PBXResourcesBuildPhase;
			buildActionMask = 2147483647;
			files = (
				AD576C63193715A500609491 /* Images.xcassets in Resources */,
				AD576C55193715A500609491 /* InfoPlist.strings in Resources */,
				AD576C5E193715A500609491 /* Main.storyboard in Resources */,
			);
			runOnlyForDeploymentPostprocessing = 0;
		};
		AD576C66193715A500609491 /* Resources */ = {
			isa = PBXResourcesBuildPhase;
			buildActionMask = 2147483647;
			files = (
				AD576C74193715A500609491 /* InfoPlist.strings in Resources */,
			);
			runOnlyForDeploymentPostprocessing = 0;
		};
/* End PBXResourcesBuildPhase section */

/* Begin PBXSourcesBuildPhase section */
		AD576C43193715A500609491 /* Sources */ = {
			isa = PBXSourcesBuildPhase;
			buildActionMask = 2147483647;
			files = (
				AD576C811937210900609491 /* MyView.m in Sources */,
				AD576C61193715A500609491 /* ExampleViewController.m in Sources */,
				AD576C57193715A500609491 /* main.m in Sources */,
				AD576C5B193715A500609491 /* ExampleAppDelegate.m in Sources */,
			);
			runOnlyForDeploymentPostprocessing = 0;
		};
		AD576C64193715A500609491 /* Sources */ = {
			isa = PBXSourcesBuildPhase;
			buildActionMask = 2147483647;
			files = (
				AD576C76193715A500609491 /* PinchExampleTests.m in Sources */,
			);
			runOnlyForDeploymentPostprocessing = 0;
		};
/* End PBXSourcesBuildPhase section */

/* Begin PBXTargetDependency section */
		AD576C6E193715A500609491 /* PBXTargetDependency */ = {
			isa = PBXTargetDependency;
			target = AD576C46193715A500609491 /* PinchExample */;
			targetProxy = AD576C6D193715A500609491 /* PBXContainerItemProxy */;
		};
/* End PBXTargetDependency section */

/* Begin PBXVariantGroup section */
		AD576C53193715A500609491 /* InfoPlist.strings */ = {
			isa = PBXVariantGroup;
			children = (
				AD576C54193715A500609491 /* en */,
			);
			name = InfoPlist.strings;
			sourceTree = "<group>";
		};
		AD576C5C193715A500609491 /* Main.storyboard */ = {
			isa = PBXVariantGroup;
			children = (
				AD576C5D193715A500609491 /* Base */,
			);
			name = Main.storyboard;
			sourceTree = "<group>";
		};
		AD576C72193715A500609491 /* InfoPlist.strings */ = {
			isa = PBXVariantGroup;
			children = (
				AD576C73193715A500609491 /* en */,
			);
			name = InfoPlist.strings;
			sourceTree = "<group>";
		};
/* End PBXVariantGroup section */

/* Begin XCBuildConfiguration section */
		AD576C77193715A500609491 /* Debug */ = {
			isa = XCBuildConfiguration;
			buildSettings = {
				ALWAYS_SEARCH_USER_PATHS = NO;
				CLANG_CXX_LANGUAGE_STANDARD = "gnu++0x";
				CLANG_CXX_LIBRARY = "libc++";
				CLANG_ENABLE_MODULES = YES;
				CLANG_ENABLE_OBJC_ARC = YES;
				CLANG_WARN_BOOL_CONVERSION = YES;
				CLANG_WARN_CONSTANT_CONVERSION = YES;
				CLANG_WARN_DIRECT_OBJC_ISA_USAGE = YES_ERROR;
				CLANG_WARN_EMPTY_BODY = YES;
				CLANG_WARN_ENUM_CONVERSION = YES;
				CLANG_WARN_INT_CONVERSION = YES;
				CLANG_WARN_OBJC_ROOT_CLASS = YES_ERROR;
				CLANG_WARN__DUPLICATE_METHOD_MATCH = YES;
				"CODE_SIGN_IDENTITY[sdk=iphoneos*]" = "iPhone Developer";
				COPY_PHASE_STRIP = NO;
				GCC_C_LANGUAGE_STANDARD = gnu99;
				GCC_DYNAMIC_NO_PIC = NO;
				GCC_OPTIMIZATION_LEVEL = 0;
				GCC_PREPROCESSOR_DEFINITIONS = (
					"DEBUG=1",
					"$(inherited)",
				);
				GCC_SYMBOLS_PRIVATE_EXTERN = NO;
				GCC_WARN_64_TO_32_BIT_CONVERSION = YES;
				GCC_WARN_ABOUT_RETURN_TYPE = YES_ERROR;
				GCC_WARN_UNDECLARED_SELECTOR = YES;
				GCC_WARN_UNINITIALIZED_AUTOS = YES_AGGRESSIVE;
				GCC_WARN_UNUSED_FUNCTION = YES;
				GCC_WARN_UNUSED_VARIABLE = YES;
				IPHONEOS_DEPLOYMENT_TARGET = 7.1;
				ONLY_ACTIVE_ARCH = YES;
				SDKROOT = iphoneos;
			};
			name = Debug;
		};
		AD576C78193715A500609491 /* Release */ = {
			isa = XCBuildConfiguration;
			buildSettings = {
				ALWAYS_SEARCH_USER_PATHS = NO;
				CLANG_CXX_LANGUAGE_STANDARD = "gnu++0x";
				CLANG_CXX_LIBRARY = "libc++";
				CLANG_ENABLE_MODULES = YES;
				CLANG_ENABLE_OBJC_ARC = YES;
				CLANG_WARN_BOOL_CONVERSION = YES;
				CLANG_WARN_CONSTANT_CONVERSION = YES;
				CLANG_WARN_DIRECT_OBJC_ISA_USAGE = YES_ERROR;
				CLANG_WARN_EMPTY_BODY = YES;
				CLANG_WARN_ENUM_CONVERSION = YES;
				CLANG_WARN_INT_CONVERSION = YES;
				CLANG_WARN_OBJC_ROOT_CLASS = YES_ERROR;
				CLANG_WARN__DUPLICATE_METHOD_MATCH = YES;
				"CODE_SIGN_IDENTITY[sdk=iphoneos*]" = "iPhone Developer";
				COPY_PHASE_STRIP = YES;
				ENABLE_NS_ASSERTIONS = NO;
				GCC_C_LANGUAGE_STANDARD = gnu99;
				GCC_WARN_64_TO_32_BIT_CONVERSION = YES;
				GCC_WARN_ABOUT_RETURN_TYPE = YES_ERROR;
				GCC_WARN_UNDECLARED_SELECTOR = YES;
				GCC_WARN_UNINITIALIZED_AUTOS = YES_AGGRESSIVE;
				GCC_WARN_UNUSED_FUNCTION = YES;
				GCC_WARN_UNUSED_VARIABLE = YES;
				IPHONEOS_DEPLOYMENT_TARGET = 7.1;
				SDKROOT = iphoneos;
				VALIDATE_PRODUCT = YES;
			};
			name = Release;
		};
		AD576C7A193715A500609491 /* Debug */ = {
			isa = XCBuildConfiguration;
			buildSettings = {
				ASSETCATALOG_COMPILER_APPICON_NAME = AppIcon;
				ASSETCATALOG_COMPILER_LAUNCHIMAGE_NAME = LaunchImage;
				GCC_PRECOMPILE_PREFIX_HEADER = YES;
				GCC_PREFIX_HEADER = "PinchExample/PinchExample-Prefix.pch";
				INFOPLIST_FILE = "PinchExample/PinchExample-Info.plist";
				PRODUCT_NAME = "$(TARGET_NAME)";
				WRAPPER_EXTENSION = app;
			};
			name = Debug;
		};
		AD576C7B193715A500609491 /* Release */ = {
			isa = XCBuildConfiguration;
			buildSettings = {
				ASSETCATALOG_COMPILER_APPICON_NAME = AppIcon;
				ASSETCATALOG_COMPILER_LAUNCHIMAGE_NAME = LaunchImage;
				GCC_PRECOMPILE_PREFIX_HEADER = YES;
				GCC_PREFIX_HEADER = "PinchExample/PinchExample-Prefix.pch";
				INFOPLIST_FILE = "PinchExample/PinchExample-Info.plist";
				PRODUCT_NAME = "$(TARGET_NAME)";
				WRAPPER_EXTENSION = app;
			};
			name = Release;
		};
		AD576C7D193715A500609491 /* Debug */ = {
			isa = XCBuildConfiguration;
			buildSettings = {
				BUNDLE_LOADER = "$(BUILT_PRODUCTS_DIR)/PinchExample.app/PinchExample";
				FRAMEWORK_SEARCH_PATHS = (
					"$(SDKROOT)/Developer/Library/Frameworks",
					"$(inherited)",
					"$(DEVELOPER_FRAMEWORKS_DIR)",
				);
				GCC_PRECOMPILE_PREFIX_HEADER = YES;
				GCC_PREFIX_HEADER = "PinchExample/PinchExample-Prefix.pch";
				GCC_PREPROCESSOR_DEFINITIONS = (
					"DEBUG=1",
					"$(inherited)",
				);
				INFOPLIST_FILE = "PinchExampleTests/PinchExampleTests-Info.plist";
				PRODUCT_NAME = "$(TARGET_NAME)";
				TEST_HOST = "$(BUNDLE_LOADER)";
				WRAPPER_EXTENSION = xctest;
			};
			name = Debug;
		};
		AD576C7E193715A500609491 /* Release */ = {
			isa = XCBuildConfiguration;
			buildSettings = {
				BUNDLE_LOADER = "$(BUILT_PRODUCTS_DIR)/PinchExample.app/PinchExample";
				FRAMEWORK_SEARCH_PATHS = (
					"$(SDKROOT)/Developer/Library/Frameworks",
					"$(inherited)",
					"$(DEVELOPER_FRAMEWORKS_DIR)",
				);
				GCC_PRECOMPILE_PREFIX_HEADER = YES;
				GCC_PREFIX_HEADER = "PinchExample/PinchExample-Prefix.pch";
				INFOPLIST_FILE = "PinchExampleTests/PinchExampleTests-Info.plist";
				PRODUCT_NAME = "$(TARGET_NAME)";
				TEST_HOST = "$(BUNDLE_LOADER)";
				WRAPPER_EXTENSION = xctest;
			};
			name = Release;
		};
/* End XCBuildConfiguration section */

/* Begin XCConfigurationList section */
		AD576C42193715A500609491 /* Build configuration list for PBXProject "PinchExample" */ = {
			isa = XCConfigurationList;
			buildConfigurations = (
				AD576C77193715A500609491 /* Debug */,
				AD576C78193715A500609491 /* Release */,
			);
			defaultConfigurationIsVisible = 0;
			defaultConfigurationName = Release;
		};
		AD576C79193715A500609491 /* Build configuration list for PBXNativeTarget "PinchExample" */ = {
			isa = XCConfigurationList;
			buildConfigurations = (
				AD576C7A193715A500609491 /* Debug */,
				AD576C7B193715A500609491 /* Release */,
			);
			defaultConfigurationIsVisible = 0;
		};
		AD576C7C193715A500609491 /* Build configuration list for PBXNativeTarget "PinchExampleTests" */ = {
			isa = XCConfigurationList;
			buildConfigurations = (
				AD576C7D193715A500609491 /* Debug */,
				AD576C7E193715A500609491 /* Release */,
			);
			defaultConfigurationIsVisible = 0;
		};
/* End XCConfigurationList section */
	};
	rootObject = AD576C3F193715A500609491 /* Project object */;
}
