// !$*UTF8*$!
{
	archiveVersion = 1;
	classes = {
	};
	objectVersion = 46;
	objects = {

/* Begin PBXBuildFile section */
		AD8C68A8192E0B2A00FD14C8 /* Foundation.framework in Frameworks */ = {isa = PBXBuildFile; fileRef = AD8C68A7192E0B2900FD14C8 /* Foundation.framework */; };
		AD8C68AA192E0B2A00FD14C8 /* CoreGraphics.framework in Frameworks */ = {isa = PBXBuildFile; fileRef = AD8C68A9192E0B2A00FD14C8 /* CoreGraphics.framework */; };
		AD8C68AC192E0B2A00FD14C8 /* UIKit.framework in Frameworks */ = {isa = PBXBuildFile; fileRef = AD8C68AB192E0B2A00FD14C8 /* UIKit.framework */; };
		AD8C68B2192E0B2A00FD14C8 /* InfoPlist.strings in Resources */ = {isa = PBXBuildFile; fileRef = AD8C68B0192E0B2A00FD14C8 /* InfoPlist.strings */; };
		AD8C68B4192E0B2A00FD14C8 /* main.m in Sources */ = {isa = PBXBuildFile; fileRef = AD8C68B3192E0B2A00FD14C8 /* main.m */; };
		AD8C68B8192E0B2A00FD14C8 /* ExampleAppDelegate.m in Sources */ = {isa = PBXBuildFile; fileRef = AD8C68B7192E0B2A00FD14C8 /* ExampleAppDelegate.m */; };
		AD8C68BB192E0B2A00FD14C8 /* Main.storyboard in Resources */ = {isa = PBXBuildFile; fileRef = AD8C68B9192E0B2A00FD14C8 /* Main.storyboard */; };
		AD8C68BE192E0B2A00FD14C8 /* ExampleViewController.m in Sources */ = {isa = PBXBuildFile; fileRef = AD8C68BD192E0B2A00FD14C8 /* ExampleViewController.m */; };
		AD8C68C0192E0B2A00FD14C8 /* Images.xcassets in Resources */ = {isa = PBXBuildFile; fileRef = AD8C68BF192E0B2A00FD14C8 /* Images.xcassets */; };
		AD8C68C7192E0B2A00FD14C8 /* XCTest.framework in Frameworks */ = {isa = PBXBuildFile; fileRef = AD8C68C6192E0B2A00FD14C8 /* XCTest.framework */; };
		AD8C68C8192E0B2A00FD14C8 /* Foundation.framework in Frameworks */ = {isa = PBXBuildFile; fileRef = AD8C68A7192E0B2900FD14C8 /* Foundation.framework */; };
		AD8C68C9192E0B2A00FD14C8 /* UIKit.framework in Frameworks */ = {isa = PBXBuildFile; fileRef = AD8C68AB192E0B2A00FD14C8 /* UIKit.framework */; };
		AD8C68D1192E0B2A00FD14C8 /* InfoPlist.strings in Resources */ = {isa = PBXBuildFile; fileRef = AD8C68CF192E0B2A00FD14C8 /* InfoPlist.strings */; };
		AD8C68D3192E0B2A00FD14C8 /* PickerViewExampleTests.m in Sources */ = {isa = PBXBuildFile; fileRef = AD8C68D2192E0B2A00FD14C8 /* PickerViewExampleTests.m */; };
/* End PBXBuildFile section */

/* Begin PBXContainerItemProxy section */
		AD8C68CA192E0B2A00FD14C8 /* PBXContainerItemProxy */ = {
			isa = PBXContainerItemProxy;
			containerPortal = AD8C689C192E0B2900FD14C8 /* Project object */;
			proxyType = 1;
			remoteGlobalIDString = AD8C68A3192E0B2900FD14C8;
			remoteInfo = PickerViewExample;
		};
/* End PBXContainerItemProxy section */

/* Begin PBXFileReference section */
		AD8C68A4192E0B2900FD14C8 /* PickerViewExample.app */ = {isa = PBXFileReference; explicitFileType = wrapper.application; includeInIndex = 0; path = PickerViewExample.app; sourceTree = BUILT_PRODUCTS_DIR; };
		AD8C68A7192E0B2900FD14C8 /* Foundation.framework */ = {isa = PBXFileReference; lastKnownFileType = wrapper.framework; name = Foundation.framework; path = System/Library/Frameworks/Foundation.framework; sourceTree = SDKROOT; };
		AD8C68A9192E0B2A00FD14C8 /* CoreGraphics.framework */ = {isa = PBXFileReference; lastKnownFileType = wrapper.framework; name = CoreGraphics.framework; path = System/Library/Frameworks/CoreGraphics.framework; sourceTree = SDKROOT; };
		AD8C68AB192E0B2A00FD14C8 /* UIKit.framework */ = {isa = PBXFileReference; lastKnownFileType = wrapper.framework; name = UIKit.framework; path = System/Library/Frameworks/UIKit.framework; sourceTree = SDKROOT; };
		AD8C68AF192E0B2A00FD14C8 /* PickerViewExample-Info.plist */ = {isa = PBXFileReference; lastKnownFileType = text.plist.xml; path = "PickerViewExample-Info.plist"; sourceTree = "<group>"; };
		AD8C68B1192E0B2A00FD14C8 /* en */ = {isa = PBXFileReference; lastKnownFileType = text.plist.strings; name = en; path = en.lproj/InfoPlist.strings; sourceTree = "<group>"; };
		AD8C68B3192E0B2A00FD14C8 /* main.m */ = {isa = PBXFileReference; lastKnownFileType = sourcecode.c.objc; path = main.m; sourceTree = "<group>"; };
		AD8C68B5192E0B2A00FD14C8 /* PickerViewExample-Prefix.pch */ = {isa = PBXFileReference; lastKnownFileType = sourcecode.c.h; path = "PickerViewExample-Prefix.pch"; sourceTree = "<group>"; };
		AD8C68B6192E0B2A00FD14C8 /* ExampleAppDelegate.h */ = {isa = PBXFileReference; lastKnownFileType = sourcecode.c.h; path = ExampleAppDelegate.h; sourceTree = "<group>"; };
		AD8C68B7192E0B2A00FD14C8 /* ExampleAppDelegate.m */ = {isa = PBXFileReference; lastKnownFileType = sourcecode.c.objc; path = ExampleAppDelegate.m; sourceTree = "<group>"; };
		AD8C68BA192E0B2A00FD14C8 /* Base */ = {isa = PBXFileReference; lastKnownFileType = file.storyboard; name = Base; path = Base.lproj/Main.storyboard; sourceTree = "<group>"; };
		AD8C68BC192E0B2A00FD14C8 /* ExampleViewController.h */ = {isa = PBXFileReference; lastKnownFileType = sourcecode.c.h; path = ExampleViewController.h; sourceTree = "<group>"; };
		AD8C68BD192E0B2A00FD14C8 /* ExampleViewController.m */ = {isa = PBXFileReference; lastKnownFileType = sourcecode.c.objc; path = ExampleViewController.m; sourceTree = "<group>"; };
		AD8C68BF192E0B2A00FD14C8 /* Images.xcassets */ = {isa = PBXFileReference; lastKnownFileType = folder.assetcatalog; path = Images.xcassets; sourceTree = "<group>"; };
		AD8C68C5192E0B2A00FD14C8 /* PickerViewExampleTests.xctest */ = {isa = PBXFileReference; explicitFileType = wrapper.cfbundle; includeInIndex = 0; path = PickerViewExampleTests.xctest; sourceTree = BUILT_PRODUCTS_DIR; };
		AD8C68C6192E0B2A00FD14C8 /* XCTest.framework */ = {isa = PBXFileReference; lastKnownFileType = wrapper.framework; name = XCTest.framework; path = Library/Frameworks/XCTest.framework; sourceTree = DEVELOPER_DIR; };
		AD8C68CE192E0B2A00FD14C8 /* PickerViewExampleTests-Info.plist */ = {isa = PBXFileReference; lastKnownFileType = text.plist.xml; path = "PickerViewExampleTests-Info.plist"; sourceTree = "<group>"; };
		AD8C68D0192E0B2A00FD14C8 /* en */ = {isa = PBXFileReference; lastKnownFileType = text.plist.strings; name = en; path = en.lproj/InfoPlist.strings; sourceTree = "<group>"; };
		AD8C68D2192E0B2A00FD14C8 /* PickerViewExampleTests.m */ = {isa = PBXFileReference; lastKnownFileType = sourcecode.c.objc; path = PickerViewExampleTests.m; sourceTree = "<group>"; };
/* End PBXFileReference section */

/* Begin PBXFrameworksBuildPhase section */
		AD8C68A1192E0B2900FD14C8 /* Frameworks */ = {
			isa = PBXFrameworksBuildPhase;
			buildActionMask = 2147483647;
			files = (
				AD8C68AA192E0B2A00FD14C8 /* CoreGraphics.framework in Frameworks */,
				AD8C68AC192E0B2A00FD14C8 /* UIKit.framework in Frameworks */,
				AD8C68A8192E0B2A00FD14C8 /* Foundation.framework in Frameworks */,
			);
			runOnlyForDeploymentPostprocessing = 0;
		};
		AD8C68C2192E0B2A00FD14C8 /* Frameworks */ = {
			isa = PBXFrameworksBuildPhase;
			buildActionMask = 2147483647;
			files = (
				AD8C68C7192E0B2A00FD14C8 /* XCTest.framework in Frameworks */,
				AD8C68C9192E0B2A00FD14C8 /* UIKit.framework in Frameworks */,
				AD8C68C8192E0B2A00FD14C8 /* Foundation.framework in Frameworks */,
			);
			runOnlyForDeploymentPostprocessing = 0;
		};
/* End PBXFrameworksBuildPhase section */

/* Begin PBXGroup section */
		AD8C689B192E0B2900FD14C8 = {
			isa = PBXGroup;
			children = (
				AD8C68AD192E0B2A00FD14C8 /* PickerViewExample */,
				AD8C68CC192E0B2A00FD14C8 /* PickerViewExampleTests */,
				AD8C68A6192E0B2900FD14C8 /* Frameworks */,
				AD8C68A5192E0B2900FD14C8 /* Products */,
			);
			sourceTree = "<group>";
		};
		AD8C68A5192E0B2900FD14C8 /* Products */ = {
			isa = PBXGroup;
			children = (
				AD8C68A4192E0B2900FD14C8 /* PickerViewExample.app */,
				AD8C68C5192E0B2A00FD14C8 /* PickerViewExampleTests.xctest */,
			);
			name = Products;
			sourceTree = "<group>";
		};
		AD8C68A6192E0B2900FD14C8 /* Frameworks */ = {
			isa = PBXGroup;
			children = (
				AD8C68A7192E0B2900FD14C8 /* Foundation.framework */,
				AD8C68A9192E0B2A00FD14C8 /* CoreGraphics.framework */,
				AD8C68AB192E0B2A00FD14C8 /* UIKit.framework */,
				AD8C68C6192E0B2A00FD14C8 /* XCTest.framework */,
			);
			name = Frameworks;
			sourceTree = "<group>";
		};
		AD8C68AD192E0B2A00FD14C8 /* PickerViewExample */ = {
			isa = PBXGroup;
			children = (
				AD8C68B6192E0B2A00FD14C8 /* ExampleAppDelegate.h */,
				AD8C68B7192E0B2A00FD14C8 /* ExampleAppDelegate.m */,
				AD8C68B9192E0B2A00FD14C8 /* Main.storyboard */,
				AD8C68BC192E0B2A00FD14C8 /* ExampleViewController.h */,
				AD8C68BD192E0B2A00FD14C8 /* ExampleViewController.m */,
				AD8C68BF192E0B2A00FD14C8 /* Images.xcassets */,
				AD8C68AE192E0B2A00FD14C8 /* Supporting Files */,
			);
			path = PickerViewExample;
			sourceTree = "<group>";
		};
		AD8C68AE192E0B2A00FD14C8 /* Supporting Files */ = {
			isa = PBXGroup;
			children = (
				AD8C68AF192E0B2A00FD14C8 /* PickerViewExample-Info.plist */,
				AD8C68B0192E0B2A00FD14C8 /* InfoPlist.strings */,
				AD8C68B3192E0B2A00FD14C8 /* main.m */,
				AD8C68B5192E0B2A00FD14C8 /* PickerViewExample-Prefix.pch */,
			);
			name = "Supporting Files";
			sourceTree = "<group>";
		};
		AD8C68CC192E0B2A00FD14C8 /* PickerViewExampleTests */ = {
			isa = PBXGroup;
			children = (
				AD8C68D2192E0B2A00FD14C8 /* PickerViewExampleTests.m */,
				AD8C68CD192E0B2A00FD14C8 /* Supporting Files */,
			);
			path = PickerViewExampleTests;
			sourceTree = "<group>";
		};
		AD8C68CD192E0B2A00FD14C8 /* Supporting Files */ = {
			isa = PBXGroup;
			children = (
				AD8C68CE192E0B2A00FD14C8 /* PickerViewExampleTests-Info.plist */,
				AD8C68CF192E0B2A00FD14C8 /* InfoPlist.strings */,
			);
			name = "Supporting Files";
			sourceTree = "<group>";
		};
/* End PBXGroup section */

/* Begin PBXNativeTarget section */
		AD8C68A3192E0B2900FD14C8 /* PickerViewExample */ = {
			isa = PBXNativeTarget;
			buildConfigurationList = AD8C68D6192E0B2A00FD14C8 /* Build configuration list for PBXNativeTarget "PickerViewExample" */;
			buildPhases = (
				AD8C68A0192E0B2900FD14C8 /* Sources */,
				AD8C68A1192E0B2900FD14C8 /* Frameworks */,
				AD8C68A2192E0B2900FD14C8 /* Resources */,
			);
			buildRules = (
			);
			dependencies = (
			);
			name = PickerViewExample;
			productName = PickerViewExample;
			productReference = AD8C68A4192E0B2900FD14C8 /* PickerViewExample.app */;
			productType = "com.apple.product-type.application";
		};
		AD8C68C4192E0B2A00FD14C8 /* PickerViewExampleTests */ = {
			isa = PBXNativeTarget;
			buildConfigurationList = AD8C68D9192E0B2A00FD14C8 /* Build configuration list for PBXNativeTarget "PickerViewExampleTests" */;
			buildPhases = (
				AD8C68C1192E0B2A00FD14C8 /* Sources */,
				AD8C68C2192E0B2A00FD14C8 /* Frameworks */,
				AD8C68C3192E0B2A00FD14C8 /* Resources */,
			);
			buildRules = (
			);
			dependencies = (
				AD8C68CB192E0B2A00FD14C8 /* PBXTargetDependency */,
			);
			name = PickerViewExampleTests;
			productName = PickerViewExampleTests;
			productReference = AD8C68C5192E0B2A00FD14C8 /* PickerViewExampleTests.xctest */;
			productType = "com.apple.product-type.bundle.unit-test";
		};
/* End PBXNativeTarget section */

/* Begin PBXProject section */
		AD8C689C192E0B2900FD14C8 /* Project object */ = {
			isa = PBXProject;
			attributes = {
				CLASSPREFIX = Example;
				LastUpgradeCheck = 0510;
				ORGANIZATIONNAME = "Mighty-Ideas";
				TargetAttributes = {
					AD8C68C4192E0B2A00FD14C8 = {
						TestTargetID = AD8C68A3192E0B2900FD14C8;
					};
				};
			};
			buildConfigurationList = AD8C689F192E0B2900FD14C8 /* Build configuration list for PBXProject "PickerViewExample" */;
			compatibilityVersion = "Xcode 3.2";
			developmentRegion = English;
			hasScannedForEncodings = 0;
			knownRegions = (
				en,
				Base,
			);
			mainGroup = AD8C689B192E0B2900FD14C8;
			productRefGroup = AD8C68A5192E0B2900FD14C8 /* Products */;
			projectDirPath = "";
			projectRoot = "";
			targets = (
				AD8C68A3192E0B2900FD14C8 /* PickerViewExample */,
				AD8C68C4192E0B2A00FD14C8 /* PickerViewExampleTests */,
			);
		};
/* End PBXProject section */

/* Begin PBXResourcesBuildPhase section */
		AD8C68A2192E0B2900FD14C8 /* Resources */ = {
			isa = PBXResourcesBuildPhase;
			buildActionMask = 2147483647;
			files = (
				AD8C68C0192E0B2A00FD14C8 /* Images.xcassets in Resources */,
				AD8C68B2192E0B2A00FD14C8 /* InfoPlist.strings in Resources */,
				AD8C68BB192E0B2A00FD14C8 /* Main.storyboard in Resources */,
			);
			runOnlyForDeploymentPostprocessing = 0;
		};
		AD8C68C3192E0B2A00FD14C8 /* Resources */ = {
			isa = PBXResourcesBuildPhase;
			buildActionMask = 2147483647;
			files = (
				AD8C68D1192E0B2A00FD14C8 /* InfoPlist.strings in Resources */,
			);
			runOnlyForDeploymentPostprocessing = 0;
		};
/* End PBXResourcesBuildPhase section */

/* Begin PBXSourcesBuildPhase section */
		AD8C68A0192E0B2900FD14C8 /* Sources */ = {
			isa = PBXSourcesBuildPhase;
			buildActionMask = 2147483647;
			files = (
				AD8C68BE192E0B2A00FD14C8 /* ExampleViewController.m in Sources */,
				AD8C68B4192E0B2A00FD14C8 /* main.m in Sources */,
				AD8C68B8192E0B2A00FD14C8 /* ExampleAppDelegate.m in Sources */,
			);
			runOnlyForDeploymentPostprocessing = 0;
		};
		AD8C68C1192E0B2A00FD14C8 /* Sources */ = {
			isa = PBXSourcesBuildPhase;
			buildActionMask = 2147483647;
			files = (
				AD8C68D3192E0B2A00FD14C8 /* PickerViewExampleTests.m in Sources */,
			);
			runOnlyForDeploymentPostprocessing = 0;
		};
/* End PBXSourcesBuildPhase section */

/* Begin PBXTargetDependency section */
		AD8C68CB192E0B2A00FD14C8 /* PBXTargetDependency */ = {
			isa = PBXTargetDependency;
			target = AD8C68A3192E0B2900FD14C8 /* PickerViewExample */;
			targetProxy = AD8C68CA192E0B2A00FD14C8 /* PBXContainerItemProxy */;
		};
/* End PBXTargetDependency section */

/* Begin PBXVariantGroup section */
		AD8C68B0192E0B2A00FD14C8 /* InfoPlist.strings */ = {
			isa = PBXVariantGroup;
			children = (
				AD8C68B1192E0B2A00FD14C8 /* en */,
			);
			name = InfoPlist.strings;
			sourceTree = "<group>";
		};
		AD8C68B9192E0B2A00FD14C8 /* Main.storyboard */ = {
			isa = PBXVariantGroup;
			children = (
				AD8C68BA192E0B2A00FD14C8 /* Base */,
			);
			name = Main.storyboard;
			sourceTree = "<group>";
		};
		AD8C68CF192E0B2A00FD14C8 /* InfoPlist.strings */ = {
			isa = PBXVariantGroup;
			children = (
				AD8C68D0192E0B2A00FD14C8 /* en */,
			);
			name = InfoPlist.strings;
			sourceTree = "<group>";
		};
/* End PBXVariantGroup section */

/* Begin XCBuildConfiguration section */
		AD8C68D4192E0B2A00FD14C8 /* Debug */ = {
			isa = XCBuildConfiguration;
			buildSettings = {
				ALWAYS_SEARCH_USER_PATHS = NO;
				CLANG_CXX_LANGUAGE_STANDARD = "gnu++0x";
				CLANG_CXX_LIBRARY = "libc++";
				CLANG_ENABLE_MODULES = YES;
				CLANG_ENABLE_OBJC_ARC = YES;
				CLANG_WARN_BOOL_CONVERSION = YES;
				CLANG_WARN_CONSTANT_CONVERSION = YES;
				CLANG_WARN_DIRECT_OBJC_ISA_USAGE = YES_ERROR;
				CLANG_WARN_EMPTY_BODY = YES;
				CLANG_WARN_ENUM_CONVERSION = YES;
				CLANG_WARN_INT_CONVERSION = YES;
				CLANG_WARN_OBJC_ROOT_CLASS = YES_ERROR;
				CLANG_WARN__DUPLICATE_METHOD_MATCH = YES;
				"CODE_SIGN_IDENTITY[sdk=iphoneos*]" = "iPhone Developer";
				COPY_PHASE_STRIP = NO;
				GCC_C_LANGUAGE_STANDARD = gnu99;
				GCC_DYNAMIC_NO_PIC = NO;
				GCC_OPTIMIZATION_LEVEL = 0;
				GCC_PREPROCESSOR_DEFINITIONS = (
					"DEBUG=1",
					"$(inherited)",
				);
				GCC_SYMBOLS_PRIVATE_EXTERN = NO;
				GCC_WARN_64_TO_32_BIT_CONVERSION = YES;
				GCC_WARN_ABOUT_RETURN_TYPE = YES_ERROR;
				GCC_WARN_UNDECLARED_SELECTOR = YES;
				GCC_WARN_UNINITIALIZED_AUTOS = YES_AGGRESSIVE;
				GCC_WARN_UNUSED_FUNCTION = YES;
				GCC_WARN_UNUSED_VARIABLE = YES;
				IPHONEOS_DEPLOYMENT_TARGET = 7.1;
				ONLY_ACTIVE_ARCH = YES;
				SDKROOT = iphoneos;
			};
			name = Debug;
		};
		AD8C68D5192E0B2A00FD14C8 /* Release */ = {
			isa = XCBuildConfiguration;
			buildSettings = {
				ALWAYS_SEARCH_USER_PATHS = NO;
				CLANG_CXX_LANGUAGE_STANDARD = "gnu++0x";
				CLANG_CXX_LIBRARY = "libc++";
				CLANG_ENABLE_MODULES = YES;
				CLANG_ENABLE_OBJC_ARC = YES;
				CLANG_WARN_BOOL_CONVERSION = YES;
				CLANG_WARN_CONSTANT_CONVERSION = YES;
				CLANG_WARN_DIRECT_OBJC_ISA_USAGE = YES_ERROR;
				CLANG_WARN_EMPTY_BODY = YES;
				CLANG_WARN_ENUM_CONVERSION = YES;
				CLANG_WARN_INT_CONVERSION = YES;
				CLANG_WARN_OBJC_ROOT_CLASS = YES_ERROR;
				CLANG_WARN__DUPLICATE_METHOD_MATCH = YES;
				"CODE_SIGN_IDENTITY[sdk=iphoneos*]" = "iPhone Developer";
				COPY_PHASE_STRIP = YES;
				ENABLE_NS_ASSERTIONS = NO;
				GCC_C_LANGUAGE_STANDARD = gnu99;
				GCC_WARN_64_TO_32_BIT_CONVERSION = YES;
				GCC_WARN_ABOUT_RETURN_TYPE = YES_ERROR;
				GCC_WARN_UNDECLARED_SELECTOR = YES;
				GCC_WARN_UNINITIALIZED_AUTOS = YES_AGGRESSIVE;
				GCC_WARN_UNUSED_FUNCTION = YES;
				GCC_WARN_UNUSED_VARIABLE = YES;
				IPHONEOS_DEPLOYMENT_TARGET = 7.1;
				SDKROOT = iphoneos;
				VALIDATE_PRODUCT = YES;
			};
			name = Release;
		};
		AD8C68D7192E0B2A00FD14C8 /* Debug */ = {
			isa = XCBuildConfiguration;
			buildSettings = {
				ASSETCATALOG_COMPILER_APPICON_NAME = AppIcon;
				ASSETCATALOG_COMPILER_LAUNCHIMAGE_NAME = LaunchImage;
				GCC_PRECOMPILE_PREFIX_HEADER = YES;
				GCC_PREFIX_HEADER = "PickerViewExample/PickerViewExample-Prefix.pch";
				INFOPLIST_FILE = "PickerViewExample/PickerViewExample-Info.plist";
				PRODUCT_NAME = "$(TARGET_NAME)";
				WRAPPER_EXTENSION = app;
			};
			name = Debug;
		};
		AD8C68D8192E0B2A00FD14C8 /* Release */ = {
			isa = XCBuildConfiguration;
			buildSettings = {
				ASSETCATALOG_COMPILER_APPICON_NAME = AppIcon;
				ASSETCATALOG_COMPILER_LAUNCHIMAGE_NAME = LaunchImage;
				GCC_PRECOMPILE_PREFIX_HEADER = YES;
				GCC_PREFIX_HEADER = "PickerViewExample/PickerViewExample-Prefix.pch";
				INFOPLIST_FILE = "PickerViewExample/PickerViewExample-Info.plist";
				PRODUCT_NAME = "$(TARGET_NAME)";
				WRAPPER_EXTENSION = app;
			};
			name = Release;
		};
		AD8C68DA192E0B2A00FD14C8 /* Debug */ = {
			isa = XCBuildConfiguration;
			buildSettings = {
				BUNDLE_LOADER = "$(BUILT_PRODUCTS_DIR)/PickerViewExample.app/PickerViewExample";
				FRAMEWORK_SEARCH_PATHS = (
					"$(SDKROOT)/Developer/Library/Frameworks",
					"$(inherited)",
					"$(DEVELOPER_FRAMEWORKS_DIR)",
				);
				GCC_PRECOMPILE_PREFIX_HEADER = YES;
				GCC_PREFIX_HEADER = "PickerViewExample/PickerViewExample-Prefix.pch";
				GCC_PREPROCESSOR_DEFINITIONS = (
					"DEBUG=1",
					"$(inherited)",
				);
				INFOPLIST_FILE = "PickerViewExampleTests/PickerViewExampleTests-Info.plist";
				PRODUCT_NAME = "$(TARGET_NAME)";
				TEST_HOST = "$(BUNDLE_LOADER)";
				WRAPPER_EXTENSION = xctest;
			};
			name = Debug;
		};
		AD8C68DB192E0B2A00FD14C8 /* Release */ = {
			isa = XCBuildConfiguration;
			buildSettings = {
				BUNDLE_LOADER = "$(BUILT_PRODUCTS_DIR)/PickerViewExample.app/PickerViewExample";
				FRAMEWORK_SEARCH_PATHS = (
					"$(SDKROOT)/Developer/Library/Frameworks",
					"$(inherited)",
					"$(DEVELOPER_FRAMEWORKS_DIR)",
				);
				GCC_PRECOMPILE_PREFIX_HEADER = YES;
				GCC_PREFIX_HEADER = "PickerViewExample/PickerViewExample-Prefix.pch";
				INFOPLIST_FILE = "PickerViewExampleTests/PickerViewExampleTests-Info.plist";
				PRODUCT_NAME = "$(TARGET_NAME)";
				TEST_HOST = "$(BUNDLE_LOADER)";
				WRAPPER_EXTENSION = xctest;
			};
			name = Release;
		};
/* End XCBuildConfiguration section */

/* Begin XCConfigurationList section */
		AD8C689F192E0B2900FD14C8 /* Build configuration list for PBXProject "PickerViewExample" */ = {
			isa = XCConfigurationList;
			buildConfigurations = (
				AD8C68D4192E0B2A00FD14C8 /* Debug */,
				AD8C68D5192E0B2A00FD14C8 /* Release */,
			);
			defaultConfigurationIsVisible = 0;
			defaultConfigurationName = Release;
		};
		AD8C68D6192E0B2A00FD14C8 /* Build configuration list for PBXNativeTarget "PickerViewExample" */ = {
			isa = XCConfigurationList;
			buildConfigurations = (
				AD8C68D7192E0B2A00FD14C8 /* Debug */,
				AD8C68D8192E0B2A00FD14C8 /* Release */,
			);
			defaultConfigurationIsVisible = 0;
		};
		AD8C68D9192E0B2A00FD14C8 /* Build configuration list for PBXNativeTarget "PickerViewExampleTests" */ = {
			isa = XCConfigurationList;
			buildConfigurations = (
				AD8C68DA192E0B2A00FD14C8 /* Debug */,
				AD8C68DB192E0B2A00FD14C8 /* Release */,
			);
			defaultConfigurationIsVisible = 0;
		};
/* End XCConfigurationList section */
	};
	rootObject = AD8C689C192E0B2900FD14C8 /* Project object */;
}
